Microsoft Visual Studio Solution File, Format Version 12.00
# Visual Studio Version 17
VisualStudioVersion = 17.9.34701.34
MinimumVisualStudioVersion = 10.0.40219.1
Project("{8BC9CEB8-8B4A-11D0-8D11-00A0C91BC942}") = "Fixture", "Fixture\Fixture.vcxproj", "{97363810-6DE8-4E76-B07B-732E69E7D8BD}"
EndProject
Project("{8BC9CEB8-8B4A-11D0-8D11-00A0C91BC942}") = "ws", "ws\ws.vcxproj", "{0CCA5098-32BE-450F-9699-02FF6E862792}"
EndProject
Project("{8BC9CEB8-8B4A-11D0-8D11-00A0C91BC942}") = "pxTalk-Server", "pxTalk-Server\pxTalk-Server.vcxproj", "{A5EBFA72-452E-4A43-BFBB-E0353308341B}"
EndProject
Project("{8BC9CEB8-8B4A-11D0-8D11-00A0C91BC942}") = "pxTalk-Client", "pxTalk-Client\pxTalk-Client.vcxproj", "{5751F1AC-E499-4A17-991B-30921889C2A5}"
EndProject
Project("{8BC9CEB8-8B4A-11D0-8D11-00A0C91BC942}") = "Soaprun", "Soaprun\Soaprun.vcxproj", "{2D7708E8-BE22-499D-A9DC-695F43843B7F}"
EndProject
Project("{8BC9CEB8-8B4A-11D0-8D11-00A0C91BC942}") = "Dx", "Dx\Dx.vcxproj", "{E93C8985-7B56-4176-973C-4C5219DF2AD1}"
EndProject
Project("{8BC9CEB8-8B4A-11D0-8D11-00A0C91BC942}") = "SoapCGI", "SoapCGI\SoapCGI.vcxproj", "{45911C62-9692-425A-8453-7FBA1357C9A4}"
EndProject
Project("{8BC9CEB8-8B4A-11D0-8D11-00A0C91BC942}") = "SoapServerSwitcher", "SoapServerSwitcher\SoapServerSwitcher.vcxproj", "{BCE1FE33-49DD-49C1-9E0C-FCF6BBA73628}"
EndProject
Project("{8BC9CEB8-8B4A-11D0-8D11-00A0C91BC942}") = "pxStage", "pxStage\pxStage.vcxproj", "{D1642C23-CBEC-42C8-861D-9565403CBE2B}"
EndProject
Project("{8BC9CEB8-8B4A-11D0-8D11-00A0C91BC942}") = "DataTable", "DataTable\DataTable.vcxproj", "{D62F3999-D1B7-4EEB-96A7-E39C0B682199}"
EndProject
Project("{2150E333-8FDC-42A3-9474-1A3956D46DE8}") = "Solution Items", "Solution Items", "{CCABCFDA-E50A-4854-AC76-7700717D9112}"
	ProjectSection(SolutionItems) = preProject
		history.txt = history.txt
	EndProjectSection
EndProject
Global
	GlobalSection(SolutionConfigurationPlatforms) = preSolution
		Debug|x86 = Debug|x86
		Release|x86 = Release|x86
	EndGlobalSection
	GlobalSection(ProjectConfigurationPlatforms) = postSolution
		{97363810-6DE8-4E76-B07B-732E69E7D8BD}.Debug|x86.ActiveCfg = Debug|Win32
		{97363810-6DE8-4E76-B07B-732E69E7D8BD}.Debug|x86.Build.0 = Debug|Win32
		{97363810-6DE8-4E76-B07B-732E69E7D8BD}.Release|x86.ActiveCfg = Release|Win32
		{97363810-6DE8-4E76-B07B-732E69E7D8BD}.Release|x86.Build.0 = Release|Win32
		{0CCA5098-32BE-450F-9699-02FF6E862792}.Debug|x86.ActiveCfg = Debug|Win32
		{0CCA5098-32BE-450F-9699-02FF6E862792}.Debug|x86.Build.0 = Debug|Win32
		{0CCA5098-32BE-450F-9699-02FF6E862792}.Release|x86.ActiveCfg = Release|Win32
		{0CCA5098-32BE-450F-9699-02FF6E862792}.Release|x86.Build.0 = Release|Win32
		{A5EBFA72-452E-4A43-BFBB-E0353308341B}.Debug|x86.ActiveCfg = Debug|Win32
		{A5EBFA72-452E-4A43-BFBB-E0353308341B}.Release|x86.ActiveCfg = Release|Win32
		{5751F1AC-E499-4A17-991B-30921889C2A5}.Debug|x86.ActiveCfg = Debug|Win32
		{5751F1AC-E499-4A17-991B-30921889C2A5}.Release|x86.ActiveCfg = Release|Win32
		{2D7708E8-BE22-499D-A9DC-695F43843B7F}.Debug|x86.ActiveCfg = Debug|Win32
		{2D7708E8-BE22-499D-A9DC-695F43843B7F}.Debug|x86.Build.0 = Debug|Win32
		{2D7708E8-BE22-499D-A9DC-695F43843B7F}.Release|x86.ActiveCfg = Release|Win32
		{2D7708E8-BE22-499D-A9DC-695F43843B7F}.Release|x86.Build.0 = Release|Win32
		{E93C8985-7B56-4176-973C-4C5219DF2AD1}.Debug|x86.ActiveCfg = Debug|Win32
		{E93C8985-7B56-4176-973C-4C5219DF2AD1}.Debug|x86.Build.0 = Debug|Win32
		{E93C8985-7B56-4176-973C-4C5219DF2AD1}.Release|x86.ActiveCfg = Release|Win32
		{E93C8985-7B56-4176-973C-4C5219DF2AD1}.Release|x86.Build.0 = Release|Win32
		{45911C62-9692-425A-8453-7FBA1357C9A4}.Debug|x86.ActiveCfg = Debug|Win32
		{45911C62-9692-425A-8453-7FBA1357C9A4}.Debug|x86.Build.0 = Debug|Win32
		{45911C62-9692-425A-8453-7FBA1357C9A4}.Release|x86.ActiveCfg = Release|Win32
		{45911C62-9692-425A-8453-7FBA1357C9A4}.Release|x86.Build.0 = Release|Win32
		{BCE1FE33-49DD-49C1-9E0C-FCF6BBA73628}.Debug|x86.ActiveCfg = Debug|Win32
		{BCE1FE33-49DD-49C1-9E0C-FCF6BBA73628}.Debug|x86.Build.0 = Debug|Win32
		{BCE1FE33-49DD-49C1-9E0C-FCF6BBA73628}.Release|x86.ActiveCfg = Release|Win32
		{BCE1FE33-49DD-49C1-9E0C-FCF6BBA73628}.Release|x86.Build.0 = Release|Win32
		{D1642C23-CBEC-42C8-861D-9565403CBE2B}.Debug|x86.ActiveCfg = Debug|Win32
		{D1642C23-CBEC-42C8-861D-9565403CBE2B}.Debug|x86.Build.0 = Debug|Win32
		{D1642C23-CBEC-42C8-861D-9565403CBE2B}.Release|x86.ActiveCfg = Release|Win32
		{D1642C23-CBEC-42C8-861D-9565403CBE2B}.Release|x86.Build.0 = Release|Win32
		{D62F3999-D1B7-4EEB-96A7-E39C0B682199}.Debug|x86.ActiveCfg = Debug|Win32
		{D62F3999-D1B7-4EEB-96A7-E39C0B682199}.Debug|x86.Build.0 = Debug|Win32
		{D62F3999-D1B7-4EEB-96A7-E39C0B682199}.Release|x86.ActiveCfg = Release|Win32
		{D62F3999-D1B7-4EEB-96A7-E39C0B682199}.Release|x86.Build.0 = Release|Win32
	EndGlobalSection
	GlobalSection(SolutionProperties) = preSolution
		HideSolutionNode = FALSE
	EndGlobalSection
	GlobalSection(ExtensibilityGlobals) = postSolution
		SolutionGuid = {94CDD9D4-E274-41DB-917F-87AFA07159F2}
	EndGlobalSection
EndGlobal
