<?xml version="1.0" encoding="utf-8"?>
<Project ToolsVersion="4.0" xmlns="http://schemas.microsoft.com/developer/msbuild/2003">
  <ItemGroup>
    <Filter Include="src">
      <UniqueIdentifier>{a9de43f6-64f2-474a-8a5d-3d0bf22fa9cf}</UniqueIdentifier>
    </Filter>
    <Filter Include="StdAfx">
      <UniqueIdentifier>{97b6d4ba-f8ef-4d07-b8c9-530d27bc281f}</UniqueIdentifier>
    </Filter>
    <Filter Include="resource">
      <UniqueIdentifier>{4b38dfeb-b777-4331-bf5b-19b113447550}</UniqueIdentifier>
    </Filter>
  </ItemGroup>
  <ItemGroup>
    <ClCompile Include="ConnectTo.cpp">
      <Filter>src</Filter>
    </ClCompile>
    <ClCompile Include="dlg_ConnectTo.cpp">
      <Filter>src</Filter>
    </ClCompile>
    <ClCompile Include="dlg_Table.cpp">
      <Filter>src</Filter>
    </ClCompile>
    <ClCompile Include="Main.cpp">
      <Filter>src</Filter>
    </ClCompile>
    <ClCompile Include="StdAfx\StdAfx.cpp">
      <Filter>StdAfx</Filter>
    </ClCompile>
  </ItemGroup>
  <ItemGroup>
    <ClInclude Include="ConnectTo.h">
      <Filter>src</Filter>
    </ClInclude>
    <ClInclude Include="StdAfx\StdAfx.h">
      <Filter>StdAfx</Filter>
    </ClInclude>
    <ClInclude Include="resource.h">
      <Filter>resource</Filter>
    </ClInclude>
  </ItemGroup>
  <ItemGroup>
    <ResourceCompile Include="resource.rc">
      <Filter>resource</Filter>
    </ResourceCompile>
  </ItemGroup>
</Project>